
Microsoft Visual Studio Solution File, Format Version 12.00
# Visual Studio Version 17
VisualStudioVersion = 17.14.36301.6 d17.14
MinimumVisualStudioVersion = 10.0.40219.1
Project("{FAE04EC0-301F-11D3-BF4B-00C04F79EFBC}") = "APITeste", "APITeste\APITeste.csproj", "{BA4C413E-4229-4BA0-9E17-68F522519B96}"
EndProject
Global
	GlobalSection(SolutionConfigurationPlatforms) = preSolution
		Debug|Any CPU = Debug|Any CPU
		Release|Any CPU = Release|Any CPU
	EndGlobalSection
	GlobalSection(ProjectConfigurationPlatforms) = postSolution
		{BA4C413E-4229-4BA0-9E17-68F522519B96}.Debug|Any CPU.ActiveCfg = Debug|Any CPU
		{BA4C413E-4229-4BA0-9E17-68F522519B96}.Debug|Any CPU.Build.0 = Debug|Any CPU
		{BA4C413E-4229-4BA0-9E17-68F522519B96}.Release|Any CPU.ActiveCfg = Release|Any CPU
		{BA4C413E-4229-4BA0-9E17-68F522519B96}.Release|Any CPU.Build.0 = Release|Any CPU
	EndGlobalSection
	GlobalSection(SolutionProperties) = preSolution
		HideSolutionNode = FALSE
	EndGlobalSection
	GlobalSection(ExtensibilityGlobals) = postSolution
		SolutionGuid = {32DF3002-A1F4-4B74-A31B-A144C1EF1B4F}
	EndGlobalSection
EndGlobal
